{
    "name": "collections-wasm",
    "lockfileVersion": 3,
    "requires": true,
    "packages": {
        "": {
            "workspaces": [
                "packages/fast-io",
                "packages/binary-heap",
                "packages/vec-deque",
                "packages/hash-map",
                "packages/hash-set",
                "packages/btree-map",
                "packages/btree-set",
                "packages/vec",
                "packages/btree-multiset"
            ],
            "devDependencies": {
                "@types/node": "^22.1.0",
                "typescript": "^5.5.4"
            }
        },
        "node_modules/@collections-wasm/binary-heap": {
            "resolved": "packages/binary-heap",
            "link": true
        },
        "node_modules/@collections-wasm/btree-multiset": {
            "resolved": "packages/btree-multiset",
            "link": true
        },
        "node_modules/@collections-wasm/btree-set": {
            "resolved": "packages/btree-set",
            "link": true
        },
        "node_modules/@collections-wasm/fast-io": {
            "resolved": "packages/fast-io",
            "link": true
        },
        "node_modules/@collections-wasm/hash-set": {
            "resolved": "packages/hash-set",
            "link": true
        },
        "node_modules/@collections-wasm/vec": {
            "resolved": "packages/vec",
            "link": true
        },
        "node_modules/@collections-wasm/vec-deque": {
            "resolved": "packages/vec-deque",
            "link": true
        },
        "node_modules/@types/node": {
            "version": "22.1.0",
            "resolved": "https://registry.npmjs.org/@types/node/-/node-22.1.0.tgz",
            "integrity": "sha512-AOmuRF0R2/5j1knA3c6G3HOk523Ga+l+ZXltX8SF1+5oqcXijjfTd8fY3XRZqSihEu9XhtQnKYLmkFaoxgsJHw==",
            "dev": true,
            "license": "MIT",
            "dependencies": {
                "undici-types": "~6.13.0"
            }
        },
        "node_modules/btree-map": {
            "resolved": "packages/btree-map",
            "link": true
        },
        "node_modules/hash-map": {
            "resolved": "packages/hash-map",
            "link": true
        },
        "node_modules/typescript": {
            "version": "5.5.4",
            "resolved": "https://registry.npmjs.org/typescript/-/typescript-5.5.4.tgz",
            "integrity": "sha512-Mtq29sKDAEYP7aljRgtPOpTvOfbwRWlS6dPRzwjdE+C0R4brX/GUyhHSecbHMFLNBLcJIPt9nl9yG5TZ1weH+Q==",
            "dev": true,
            "license": "Apache-2.0",
            "bin": {
                "tsc": "bin/tsc",
                "tsserver": "bin/tsserver"
            },
            "engines": {
                "node": ">=14.17"
            }
        },
        "node_modules/undici-types": {
            "version": "6.13.0",
            "resolved": "https://registry.npmjs.org/undici-types/-/undici-types-6.13.0.tgz",
            "integrity": "sha512-xtFJHudx8S2DSoujjMd1WeWvn7KKWFRESZTMeL1RptAYERu29D6jphMjjY+vn96jvN3kVPDNxU/E13VTaXj6jg==",
            "dev": true,
            "license": "MIT"
        },
        "packages/binary-heap": {
            "name": "@collections-wasm/binary-heap",
            "version": "1.0.6",
            "license": "MIT",
            "devDependencies": {
                "@types/node": "^22.1.0",
                "typescript": "^5.5.4"
            }
        },
        "packages/btree-map": {
            "version": "1.0.0",
            "license": "ISC",
            "devDependencies": {}
        },
        "packages/btree-multiset": {
            "name": "@collections-wasm/btree-multiset",
            "version": "1.0.0",
            "license": "MIT",
            "devDependencies": {
                "@types/node": "^22.1.0",
                "typescript": "^5.5.4"
            }
        },
        "packages/btree-set": {
            "name": "@collections-wasm/btree-set",
            "version": "1.0.1",
            "license": "MIT",
            "devDependencies": {
                "@types/node": "^22.1.0",
                "typescript": "^5.5.4"
            }
        },
        "packages/fast-io": {
            "name": "@collections-wasm/fast-io",
            "version": "1.0.12",
            "license": "MIT",
            "devDependencies": {
                "@types/node": "^22.1.0",
                "typescript": "^5.5.4"
            }
        },
        "packages/hash-map": {
            "version": "1.0.0",
            "license": "ISC",
            "devDependencies": {}
        },
        "packages/hash-set": {
            "name": "@collections-wasm/hash-set",
            "version": "1.0.0",
            "license": "MIT",
            "devDependencies": {
                "@types/node": "^22.1.0",
                "typescript": "^5.5.4"
            }
        },
        "packages/seg-tree": {
            "name": "@collections-wasm/seg-tree",
            "version": "1.0.4",
            "extraneous": true,
            "license": "MIT",
            "devDependencies": {
                "@types/node": "^22.1.0",
                "typescript": "^5.5.4"
            }
        },
        "packages/segment-tree": {
            "version": "1.0.0",
            "extraneous": true,
            "license": "ISC",
            "devDependencies": {}
        },
        "packages/vec": {
            "name": "@collections-wasm/vec",
            "version": "1.0.12",
            "license": "MIT",
            "devDependencies": {
                "@types/node": "^22.1.0",
                "typescript": "^5.5.4"
            }
        },
        "packages/vec-deque": {
            "name": "@collections-wasm/vec-deque",
            "version": "1.0.2",
            "license": "MIT",
            "devDependencies": {
                "@types/node": "^22.1.0",
                "typescript": "^5.5.4"
            }
        }
    }
}
